
Microsoft Visual Studio Solution File, Format Version 12.00
# Visual Studio 15
VisualStudioVersion = 15.0.27205.0
MinimumVisualStudioVersion = 10.0.40219.1
Project("{8BC9CEB8-8B4A-11D0-8D11-00A0C91BC942}") = "PatternEngine", "PatternEngine.vcxproj", "{E699BDFC-9B60-4164-BBB6-AE7C3C5A1C1A}"
EndProject
Global
	GlobalSection(SolutionConfigurationPlatforms) = preSolution
		Debug|x64 = Debug|x64
		Debug|x86 = Debug|x86
		Release|x64 = Release|x64
		Release|x86 = Release|x86
	EndGlobalSection
	GlobalSection(ProjectConfigurationPlatforms) = postSolution
		{E699BDFC-9B60-4164-BBB6-AE7C3C5A1C1A}.Debug|x64.ActiveCfg = Debug|x64
		{E699BDFC-9B60-4164-BBB6-AE7C3C5A1C1A}.Debug|x64.Build.0 = Debug|x64
		{E699BDFC-9B60-4164-BBB6-AE7C3C5A1C1A}.Debug|x86.ActiveCfg = Debug|Win32
		{E699BDFC-9B60-4164-BBB6-AE7C3C5A1C1A}.Debug|x86.Build.0 = Debug|Win32
		{E699BDFC-9B60-4164-BBB6-AE7C3C5A1C1A}.Release|x64.ActiveCfg = Release|x64
		{E699BDFC-9B60-4164-BBB6-AE7C3C5A1C1A}.Release|x64.Build.0 = Release|x64
		{E699BDFC-9B60-4164-BBB6-AE7C3C5A1C1A}.Release|x86.ActiveCfg = Release|Win32
		{E699BDFC-9B60-4164-BBB6-AE7C3C5A1C1A}.Release|x86.Build.0 = Release|Win32
	EndGlobalSection
	GlobalSection(SolutionProperties) = preSolution
		HideSolutionNode = FALSE
	EndGlobalSection
	GlobalSection(ExtensibilityGlobals) = postSolution
		SolutionGuid = {7B472E5B-DD95-4536-AF5A-252E63598E05}
	EndGlobalSection
EndGlobal
